// !$*UTF8*$!
{
	archiveVersion = 1;
	classes = {
	};
	objectVersion = 51;
	objects = {

/* Begin PBXBuildFile section */
		7F4763CC30FD209F24BD0030 /* Pods_iChat.framework in Frameworks */ = {isa = PBXBuildFile; fileRef = 1C79AD8A2DBBC991A198E0E8 /* Pods_iChat.framework */; };
		84049BFC25016C5200AAD6EC /* GradientView.swift in Sources */ = {isa = PBXBuildFile; fileRef = 84049BFB25016C5200AAD6EC /* GradientView.swift */; };
		84049BFE25017B8F00AAD6EC /* WaitingChatCell.swift in Sources */ = {isa = PBXBuildFile; fileRef = 84049BFD25017B8F00AAD6EC /* WaitingChatCell.swift */; };
		84049C002501879500AAD6EC /* SelfConfiguringCellProtocol.swift in Sources */ = {isa = PBXBuildFile; fileRef = 84049BFF2501879500AAD6EC /* SelfConfiguringCellProtocol.swift */; };
		84049C0325039B1A00AAD6EC /* SectionHeader.swift in Sources */ = {isa = PBXBuildFile; fileRef = 84049C0225039B1A00AAD6EC /* SectionHeader.swift */; };
		84049C062503AAF700AAD6EC /* users.json in Resources */ = {isa = PBXBuildFile; fileRef = 84049C052503AAF700AAD6EC /* users.json */; };
		84049C082503AD3D00AAD6EC /* MUser.swift in Sources */ = {isa = PBXBuildFile; fileRef = 84049C072503AD3D00AAD6EC /* MUser.swift */; };
		84049C0A2503B04300AAD6EC /* MChat.swift in Sources */ = {isa = PBXBuildFile; fileRef = 84049C092503B04300AAD6EC /* MChat.swift */; };
		84049C0D250426C000AAD6EC /* UserCell.swift in Sources */ = {isa = PBXBuildFile; fileRef = 84049C0C250426C000AAD6EC /* UserCell.swift */; };
		84049C0F25042A4A00AAD6EC /* UIViewController+Extension.swift in Sources */ = {isa = PBXBuildFile; fileRef = 84049C0E25042A4A00AAD6EC /* UIViewController+Extension.swift */; };
		84049C112505708900AAD6EC /* ProfileViewController.swift in Sources */ = {isa = PBXBuildFile; fileRef = 84049C102505708900AAD6EC /* ProfileViewController.swift */; };
		84108C2424FC056C00CB2376 /* ActiveChatCell.swift in Sources */ = {isa = PBXBuildFile; fileRef = 84108C2324FC056C00CB2376 /* ActiveChatCell.swift */; };
		8445549F251005BA00786445 /* UserError.swift in Sources */ = {isa = PBXBuildFile; fileRef = 8445549E251005BA00786445 /* UserError.swift */; };
		8445F9B124E988DF0092F4EB /* AppDelegate.swift in Sources */ = {isa = PBXBuildFile; fileRef = 8445F9B024E988DF0092F4EB /* AppDelegate.swift */; };
		8445F9B324E988DF0092F4EB /* SceneDelegate.swift in Sources */ = {isa = PBXBuildFile; fileRef = 8445F9B224E988DF0092F4EB /* SceneDelegate.swift */; };
		8445F9B524E988DF0092F4EB /* AuthViewController.swift in Sources */ = {isa = PBXBuildFile; fileRef = 8445F9B424E988DF0092F4EB /* AuthViewController.swift */; };
		8445F9BA24E988E40092F4EB /* Assets.xcassets in Resources */ = {isa = PBXBuildFile; fileRef = 8445F9B924E988E40092F4EB /* Assets.xcassets */; };
		8445F9BD24E988E40092F4EB /* LaunchScreen.storyboard in Resources */ = {isa = PBXBuildFile; fileRef = 8445F9BB24E988E40092F4EB /* LaunchScreen.storyboard */; };
		8445F9C524EB21DC0092F4EB /* UIButton+Extension.swift in Sources */ = {isa = PBXBuildFile; fileRef = 8445F9C424EB21DC0092F4EB /* UIButton+Extension.swift */; };
		8445F9C724EB24D50092F4EB /* UIFont+Extension.swift in Sources */ = {isa = PBXBuildFile; fileRef = 8445F9C624EB24D50092F4EB /* UIFont+Extension.swift */; };
		8445F9C924EB26300092F4EB /* UIColor+Extension.swift in Sources */ = {isa = PBXBuildFile; fileRef = 8445F9C824EB26300092F4EB /* UIColor+Extension.swift */; };
		8445F9CB24EB290E0092F4EB /* Label+Extension.swift in Sources */ = {isa = PBXBuildFile; fileRef = 8445F9CA24EB290E0092F4EB /* Label+Extension.swift */; };
		8445F9CD24EB2A330092F4EB /* UIImageView+Extension.swift in Sources */ = {isa = PBXBuildFile; fileRef = 8445F9CC24EB2A330092F4EB /* UIImageView+Extension.swift */; };
		8445F9D524EDB19E0092F4EB /* ButtonSwiftFormView.swift in Sources */ = {isa = PBXBuildFile; fileRef = 8445F9D424EDB19E0092F4EB /* ButtonSwiftFormView.swift */; };
		8445F9D724EDD0FD0092F4EB /* StackView+Extension.swift in Sources */ = {isa = PBXBuildFile; fileRef = 8445F9D624EDD0FD0092F4EB /* StackView+Extension.swift */; };
		8445F9D924EF05DA0092F4EB /* SignUpViewController.swift in Sources */ = {isa = PBXBuildFile; fileRef = 8445F9D824EF05DA0092F4EB /* SignUpViewController.swift */; };
		8445F9DB24EF0A1D0092F4EB /* OneLineTextField.swift in Sources */ = {isa = PBXBuildFile; fileRef = 8445F9DA24EF0A1D0092F4EB /* OneLineTextField.swift */; };
		8445F9DF24F046370092F4EB /* LoginViewController.swift in Sources */ = {isa = PBXBuildFile; fileRef = 8445F9DE24F046370092F4EB /* LoginViewController.swift */; };
		8445F9E124F05F5A0092F4EB /* SetupProfileViewController.swift in Sources */ = {isa = PBXBuildFile; fileRef = 8445F9E024F05F5A0092F4EB /* SetupProfileViewController.swift */; };
		8445F9E324F065A70092F4EB /* AddPhotoView.swift in Sources */ = {isa = PBXBuildFile; fileRef = 8445F9E224F065A70092F4EB /* AddPhotoView.swift */; };
		8445F9E524F135EA0092F4EB /* SegmentedControl+Extension.swift in Sources */ = {isa = PBXBuildFile; fileRef = 8445F9E424F135EA0092F4EB /* SegmentedControl+Extension.swift */; };
		845631D32508028F00E3827B /* InsertableTextField.swift in Sources */ = {isa = PBXBuildFile; fileRef = 845631D22508028F00E3827B /* InsertableTextField.swift */; };
		845631D5250807AE00E3827B /* UIView+Extension.swift in Sources */ = {isa = PBXBuildFile; fileRef = 845631D4250807AE00E3827B /* UIView+Extension.swift */; };
		845631D7250AB42400E3827B /* ChatRequestViewController.swift in Sources */ = {isa = PBXBuildFile; fileRef = 845631D6250AB42400E3827B /* ChatRequestViewController.swift */; };
		84576B0B250E79A200E54FDF /* AuthService.swift in Sources */ = {isa = PBXBuildFile; fileRef = 84576B0A250E79A200E54FDF /* AuthService.swift */; };
		84576B0D250E903C00E54FDF /* Validators.swift in Sources */ = {isa = PBXBuildFile; fileRef = 84576B0C250E903C00E54FDF /* Validators.swift */; };
		84576B0F250E958500E54FDF /* AuthError.swift in Sources */ = {isa = PBXBuildFile; fileRef = 84576B0E250E958500E54FDF /* AuthError.swift */; };
		845C15AD24FAD7EF00B4FA84 /* ListViewController.swift in Sources */ = {isa = PBXBuildFile; fileRef = 845C15AC24FAD7EF00B4FA84 /* ListViewController.swift */; };
		845C15B124FAE67E00B4FA84 /* MainTabBarController.swift in Sources */ = {isa = PBXBuildFile; fileRef = 845C15B024FAE67E00B4FA84 /* MainTabBarController.swift */; };
		845C15B324FAE6F600B4FA84 /* PeopleViewController.swift in Sources */ = {isa = PBXBuildFile; fileRef = 845C15B224FAE6F600B4FA84 /* PeopleViewController.swift */; };
		845C15B624FBCA5900B4FA84 /* activeChats.json in Resources */ = {isa = PBXBuildFile; fileRef = 845C15B424FBCA5800B4FA84 /* activeChats.json */; };
		845C15B724FBCA5900B4FA84 /* waitingChats.json in Resources */ = {isa = PBXBuildFile; fileRef = 845C15B524FBCA5800B4FA84 /* waitingChats.json */; };
		845C15BB24FBCB8600B4FA84 /* Bundle-Decodable.swift in Sources */ = {isa = PBXBuildFile; fileRef = 845C15BA24FBCB8600B4FA84 /* Bundle-Decodable.swift */; };
		84686D6F250E089E00C0DE16 /* GoogleService-Info.plist in Resources */ = {isa = PBXBuildFile; fileRef = 84686D6E250E089E00C0DE16 /* GoogleService-Info.plist */; };
		847922B9250FFA2F005AE17C /* AuthNavigatingDelegateProtocol.swift in Sources */ = {isa = PBXBuildFile; fileRef = 847922B8250FFA2F005AE17C /* AuthNavigatingDelegateProtocol.swift */; };
		847922BB250FFDA3005AE17C /* FirestoreService.swift in Sources */ = {isa = PBXBuildFile; fileRef = 847922BA250FFDA3005AE17C /* FirestoreService.swift */; };
		847D8709253E2D2F00E09091 /* UIAplication+Extension.swift in Sources */ = {isa = PBXBuildFile; fileRef = 847D8708253E2D2F00E09091 /* UIAplication+Extension.swift */; };
		847D87292540B7B300E09091 /* StorageService.swift in Sources */ = {isa = PBXBuildFile; fileRef = 847D87282540B7B300E09091 /* StorageService.swift */; };
		847D872C2540BD7500E09091 /* UIImage+Extension.swift in Sources */ = {isa = PBXBuildFile; fileRef = 847D872B2540BD7500E09091 /* UIImage+Extension.swift */; };
		847D872F2546B0F200E09091 /* ListenerService.swift in Sources */ = {isa = PBXBuildFile; fileRef = 847D872E2546B0F200E09091 /* ListenerService.swift */; };
		847D874C2546D9C800E09091 /* MMessage.swift in Sources */ = {isa = PBXBuildFile; fileRef = 847D874B2546D9C700E09091 /* MMessage.swift */; };
		847D874F2547257300E09091 /* WaitingChatsNavigationProtocol.swift in Sources */ = {isa = PBXBuildFile; fileRef = 847D874E2547257300E09091 /* WaitingChatsNavigationProtocol.swift */; };
/* End PBXBuildFile section */

/* Begin PBXFileReference section */
		1C79AD8A2DBBC991A198E0E8 /* Pods_iChat.framework */ = {isa = PBXFileReference; explicitFileType = wrapper.framework; includeInIndex = 0; path = Pods_iChat.framework; sourceTree = BUILT_PRODUCTS_DIR; };
		4CFF90038C284112A4103B00 /* Pods-iChat.release.xcconfig */ = {isa = PBXFileReference; includeInIndex = 1; lastKnownFileType = text.xcconfig; name = "Pods-iChat.release.xcconfig"; path = "Target Support Files/Pods-iChat/Pods-iChat.release.xcconfig"; sourceTree = "<group>"; };
		84049BFB25016C5200AAD6EC /* GradientView.swift */ = {isa = PBXFileReference; lastKnownFileType = sourcecode.swift; path = GradientView.swift; sourceTree = "<group>"; };
		84049BFD25017B8F00AAD6EC /* WaitingChatCell.swift */ = {isa = PBXFileReference; lastKnownFileType = sourcecode.swift; path = WaitingChatCell.swift; sourceTree = "<group>"; };
		84049BFF2501879500AAD6EC /* SelfConfiguringCellProtocol.swift */ = {isa = PBXFileReference; lastKnownFileType = sourcecode.swift; path = SelfConfiguringCellProtocol.swift; sourceTree = "<group>"; };
		84049C0225039B1A00AAD6EC /* SectionHeader.swift */ = {isa = PBXFileReference; lastKnownFileType = sourcecode.swift; path = SectionHeader.swift; sourceTree = "<group>"; };
		84049C052503AAF700AAD6EC /* users.json */ = {isa = PBXFileReference; fileEncoding = 4; lastKnownFileType = text.json; path = users.json; sourceTree = "<group>"; };
		84049C072503AD3D00AAD6EC /* MUser.swift */ = {isa = PBXFileReference; lastKnownFileType = sourcecode.swift; path = MUser.swift; sourceTree = "<group>"; };
		84049C092503B04300AAD6EC /* MChat.swift */ = {isa = PBXFileReference; lastKnownFileType = sourcecode.swift; path = MChat.swift; sourceTree = "<group>"; };
		84049C0C250426C000AAD6EC /* UserCell.swift */ = {isa = PBXFileReference; lastKnownFileType = sourcecode.swift; path = UserCell.swift; sourceTree = "<group>"; };
		84049C0E25042A4A00AAD6EC /* UIViewController+Extension.swift */ = {isa = PBXFileReference; lastKnownFileType = sourcecode.swift; path = "UIViewController+Extension.swift"; sourceTree = "<group>"; };
		84049C102505708900AAD6EC /* ProfileViewController.swift */ = {isa = PBXFileReference; lastKnownFileType = sourcecode.swift; path = ProfileViewController.swift; sourceTree = "<group>"; };
		84108C2324FC056C00CB2376 /* ActiveChatCell.swift */ = {isa = PBXFileReference; lastKnownFileType = sourcecode.swift; path = ActiveChatCell.swift; sourceTree = "<group>"; };
		8445549E251005BA00786445 /* UserError.swift */ = {isa = PBXFileReference; lastKnownFileType = sourcecode.swift; path = UserError.swift; sourceTree = "<group>"; };
		8445F9AD24E988DF0092F4EB /* iChat.app */ = {isa = PBXFileReference; explicitFileType = wrapper.application; includeInIndex = 0; path = iChat.app; sourceTree = BUILT_PRODUCTS_DIR; };
		8445F9B024E988DF0092F4EB /* AppDelegate.swift */ = {isa = PBXFileReference; lastKnownFileType = sourcecode.swift; path = AppDelegate.swift; sourceTree = "<group>"; };
		8445F9B224E988DF0092F4EB /* SceneDelegate.swift */ = {isa = PBXFileReference; lastKnownFileType = sourcecode.swift; path = SceneDelegate.swift; sourceTree = "<group>"; };
		8445F9B424E988DF0092F4EB /* AuthViewController.swift */ = {isa = PBXFileReference; lastKnownFileType = sourcecode.swift; path = AuthViewController.swift; sourceTree = "<group>"; };
		8445F9B924E988E40092F4EB /* Assets.xcassets */ = {isa = PBXFileReference; lastKnownFileType = folder.assetcatalog; path = Assets.xcassets; sourceTree = "<group>"; };
		8445F9BC24E988E40092F4EB /* Base */ = {isa = PBXFileReference; lastKnownFileType = file.storyboard; name = Base; path = Base.lproj/LaunchScreen.storyboard; sourceTree = "<group>"; };
		8445F9BE24E988E40092F4EB /* Info.plist */ = {isa = PBXFileReference; lastKnownFileType = text.plist.xml; path = Info.plist; sourceTree = "<group>"; };
		8445F9C424EB21DC0092F4EB /* UIButton+Extension.swift */ = {isa = PBXFileReference; lastKnownFileType = sourcecode.swift; path = "UIButton+Extension.swift"; sourceTree = "<group>"; };
		8445F9C624EB24D50092F4EB /* UIFont+Extension.swift */ = {isa = PBXFileReference; lastKnownFileType = sourcecode.swift; path = "UIFont+Extension.swift"; sourceTree = "<group>"; };
		8445F9C824EB26300092F4EB /* UIColor+Extension.swift */ = {isa = PBXFileReference; lastKnownFileType = sourcecode.swift; path = "UIColor+Extension.swift"; sourceTree = "<group>"; };
		8445F9CA24EB290E0092F4EB /* Label+Extension.swift */ = {isa = PBXFileReference; lastKnownFileType = sourcecode.swift; path = "Label+Extension.swift"; sourceTree = "<group>"; };
		8445F9CC24EB2A330092F4EB /* UIImageView+Extension.swift */ = {isa = PBXFileReference; lastKnownFileType = sourcecode.swift; path = "UIImageView+Extension.swift"; sourceTree = "<group>"; };
		8445F9D424EDB19E0092F4EB /* ButtonSwiftFormView.swift */ = {isa = PBXFileReference; lastKnownFileType = sourcecode.swift; path = ButtonSwiftFormView.swift; sourceTree = "<group>"; };
		8445F9D624EDD0FD0092F4EB /* StackView+Extension.swift */ = {isa = PBXFileReference; lastKnownFileType = sourcecode.swift; path = "StackView+Extension.swift"; sourceTree = "<group>"; };
		8445F9D824EF05DA0092F4EB /* SignUpViewController.swift */ = {isa = PBXFileReference; lastKnownFileType = sourcecode.swift; path = SignUpViewController.swift; sourceTree = "<group>"; };
		8445F9DA24EF0A1D0092F4EB /* OneLineTextField.swift */ = {isa = PBXFileReference; lastKnownFileType = sourcecode.swift; path = OneLineTextField.swift; sourceTree = "<group>"; };
		8445F9DE24F046370092F4EB /* LoginViewController.swift */ = {isa = PBXFileReference; lastKnownFileType = sourcecode.swift; path = LoginViewController.swift; sourceTree = "<group>"; };
		8445F9E024F05F5A0092F4EB /* SetupProfileViewController.swift */ = {isa = PBXFileReference; lastKnownFileType = sourcecode.swift; path = SetupProfileViewController.swift; sourceTree = "<group>"; };
		8445F9E224F065A70092F4EB /* AddPhotoView.swift */ = {isa = PBXFileReference; lastKnownFileType = sourcecode.swift; path = AddPhotoView.swift; sourceTree = "<group>"; };
		8445F9E424F135EA0092F4EB /* SegmentedControl+Extension.swift */ = {isa = PBXFileReference; lastKnownFileType = sourcecode.swift; path = "SegmentedControl+Extension.swift"; sourceTree = "<group>"; };
		845631D22508028F00E3827B /* InsertableTextField.swift */ = {isa = PBXFileReference; lastKnownFileType = sourcecode.swift; path = InsertableTextField.swift; sourceTree = "<group>"; };
		845631D4250807AE00E3827B /* UIView+Extension.swift */ = {isa = PBXFileReference; lastKnownFileType = sourcecode.swift; path = "UIView+Extension.swift"; sourceTree = "<group>"; };
		845631D6250AB42400E3827B /* ChatRequestViewController.swift */ = {isa = PBXFileReference; lastKnownFileType = sourcecode.swift; path = ChatRequestViewController.swift; sourceTree = "<group>"; };
		84576B0A250E79A200E54FDF /* AuthService.swift */ = {isa = PBXFileReference; lastKnownFileType = sourcecode.swift; path = AuthService.swift; sourceTree = "<group>"; };
		84576B0C250E903C00E54FDF /* Validators.swift */ = {isa = PBXFileReference; lastKnownFileType = sourcecode.swift; path = Validators.swift; sourceTree = "<group>"; };
		84576B0E250E958500E54FDF /* AuthError.swift */ = {isa = PBXFileReference; lastKnownFileType = sourcecode.swift; path = AuthError.swift; sourceTree = "<group>"; };
		845C15AC24FAD7EF00B4FA84 /* ListViewController.swift */ = {isa = PBXFileReference; lastKnownFileType = sourcecode.swift; path = ListViewController.swift; sourceTree = "<group>"; };
		845C15B024FAE67E00B4FA84 /* MainTabBarController.swift */ = {isa = PBXFileReference; lastKnownFileType = sourcecode.swift; path = MainTabBarController.swift; sourceTree = "<group>"; };
		845C15B224FAE6F600B4FA84 /* PeopleViewController.swift */ = {isa = PBXFileReference; lastKnownFileType = sourcecode.swift; path = PeopleViewController.swift; sourceTree = "<group>"; };
		845C15B424FBCA5800B4FA84 /* activeChats.json */ = {isa = PBXFileReference; fileEncoding = 4; lastKnownFileType = text.json; path = activeChats.json; sourceTree = "<group>"; };
		845C15B524FBCA5800B4FA84 /* waitingChats.json */ = {isa = PBXFileReference; fileEncoding = 4; lastKnownFileType = text.json; path = waitingChats.json; sourceTree = "<group>"; };
		845C15BA24FBCB8600B4FA84 /* Bundle-Decodable.swift */ = {isa = PBXFileReference; lastKnownFileType = sourcecode.swift; path = "Bundle-Decodable.swift"; sourceTree = "<group>"; };
		84686D6E250E089E00C0DE16 /* GoogleService-Info.plist */ = {isa = PBXFileReference; fileEncoding = 4; lastKnownFileType = text.plist.xml; path = "GoogleService-Info.plist"; sourceTree = "<group>"; };
		847922B8250FFA2F005AE17C /* AuthNavigatingDelegateProtocol.swift */ = {isa = PBXFileReference; lastKnownFileType = sourcecode.swift; path = AuthNavigatingDelegateProtocol.swift; sourceTree = "<group>"; };
		847922BA250FFDA3005AE17C /* FirestoreService.swift */ = {isa = PBXFileReference; lastKnownFileType = sourcecode.swift; path = FirestoreService.swift; sourceTree = "<group>"; };
		847D8708253E2D2F00E09091 /* UIAplication+Extension.swift */ = {isa = PBXFileReference; lastKnownFileType = sourcecode.swift; path = "UIAplication+Extension.swift"; sourceTree = "<group>"; };
		847D87282540B7B300E09091 /* StorageService.swift */ = {isa = PBXFileReference; lastKnownFileType = sourcecode.swift; path = StorageService.swift; sourceTree = "<group>"; };
		847D872B2540BD7500E09091 /* UIImage+Extension.swift */ = {isa = PBXFileReference; lastKnownFileType = sourcecode.swift; path = "UIImage+Extension.swift"; sourceTree = "<group>"; };
		847D872E2546B0F200E09091 /* ListenerService.swift */ = {isa = PBXFileReference; lastKnownFileType = sourcecode.swift; path = ListenerService.swift; sourceTree = "<group>"; };
		847D874B2546D9C700E09091 /* MMessage.swift */ = {isa = PBXFileReference; lastKnownFileType = sourcecode.swift; path = MMessage.swift; sourceTree = "<group>"; };
		847D874E2547257300E09091 /* WaitingChatsNavigationProtocol.swift */ = {isa = PBXFileReference; lastKnownFileType = sourcecode.swift; path = WaitingChatsNavigationProtocol.swift; sourceTree = "<group>"; };
		A2A42686A8E33513E5109FB0 /* Pods-iChat.debug.xcconfig */ = {isa = PBXFileReference; includeInIndex = 1; lastKnownFileType = text.xcconfig; name = "Pods-iChat.debug.xcconfig"; path = "Target Support Files/Pods-iChat/Pods-iChat.debug.xcconfig"; sourceTree = "<group>"; };
/* End PBXFileReference section */

/* Begin PBXFrameworksBuildPhase section */
		8445F9AA24E988DF0092F4EB /* Frameworks */ = {
			isa = PBXFrameworksBuildPhase;
			buildActionMask = 2147483647;
			files = (
				7F4763CC30FD209F24BD0030 /* Pods_iChat.framework in Frameworks */,
			);
			runOnlyForDeploymentPostprocessing = 0;
		};
/* End PBXFrameworksBuildPhase section */

/* Begin PBXGroup section */
		84049C01250187DC00AAD6EC /* Protocols */ = {
			isa = PBXGroup;
			children = (
				84049BFF2501879500AAD6EC /* SelfConfiguringCellProtocol.swift */,
				847922B8250FFA2F005AE17C /* AuthNavigatingDelegateProtocol.swift */,
				847D874E2547257300E09091 /* WaitingChatsNavigationProtocol.swift */,
			);
			path = Protocols;
			sourceTree = "<group>";
		};
		84049C042503AA4D00AAD6EC /* Header */ = {
			isa = PBXGroup;
			children = (
				84049C0225039B1A00AAD6EC /* SectionHeader.swift */,
			);
			path = Header;
			sourceTree = "<group>";
		};
		84049C0B2503B12A00AAD6EC /* Models */ = {
			isa = PBXGroup;
			children = (
				84049C072503AD3D00AAD6EC /* MUser.swift */,
				84049C092503B04300AAD6EC /* MChat.swift */,
				847D874B2546D9C700E09091 /* MMessage.swift */,
			);
			path = Models;
			sourceTree = "<group>";
		};
		84108C2224FC02A400CB2376 /* Cell */ = {
			isa = PBXGroup;
			children = (
				84108C2324FC056C00CB2376 /* ActiveChatCell.swift */,
				84049BFD25017B8F00AAD6EC /* WaitingChatCell.swift */,
				84049C0C250426C000AAD6EC /* UserCell.swift */,
			);
			path = Cell;
			sourceTree = "<group>";
		};
		8445F9A424E988DF0092F4EB = {
			isa = PBXGroup;
			children = (
				8445F9AF24E988DF0092F4EB /* iChat */,
				8445F9AE24E988DF0092F4EB /* Products */,
				B7927E5C95B8A1574B5E12F0 /* Pods */,
				A34C25E3E1FF11BE6BF8E43E /* Frameworks */,
			);
			sourceTree = "<group>";
		};
		8445F9AE24E988DF0092F4EB /* Products */ = {
			isa = PBXGroup;
			children = (
				8445F9AD24E988DF0092F4EB /* iChat.app */,
			);
			name = Products;
			sourceTree = "<group>";
		};
		8445F9AF24E988DF0092F4EB /* iChat */ = {
			isa = PBXGroup;
			children = (
				8445F9B024E988DF0092F4EB /* AppDelegate.swift */,
				8445F9B224E988DF0092F4EB /* SceneDelegate.swift */,
				84576B09250E795E00E54FDF /* Sevices */,
				845C15AF24FAE63100B4FA84 /* Controllers */,
				845C15AE24FAE18400B4FA84 /* Signin&Auth */,
				84049C01250187DC00AAD6EC /* Protocols */,
				845C15B824FBCA7000B4FA84 /* Extensions */,
				84576B10250E990400E54FDF /* Helpers */,
				845C15B424FBCA5800B4FA84 /* activeChats.json */,
				845C15B524FBCA5800B4FA84 /* waitingChats.json */,
				84049C052503AAF700AAD6EC /* users.json */,
				8445F9B924E988E40092F4EB /* Assets.xcassets */,
				8445F9BB24E988E40092F4EB /* LaunchScreen.storyboard */,
				8445F9BE24E988E40092F4EB /* Info.plist */,
				84686D6E250E089E00C0DE16 /* GoogleService-Info.plist */,
			);
			path = iChat;
			sourceTree = "<group>";
		};
		84576B09250E795E00E54FDF /* Sevices */ = {
			isa = PBXGroup;
			children = (
				84049C0B2503B12A00AAD6EC /* Models */,
				84576B0A250E79A200E54FDF /* AuthService.swift */,
				847922BA250FFDA3005AE17C /* FirestoreService.swift */,
				847D87282540B7B300E09091 /* StorageService.swift */,
				847D872E2546B0F200E09091 /* ListenerService.swift */,
			);
			path = Sevices;
			sourceTree = "<group>";
		};
		84576B10250E990400E54FDF /* Helpers */ = {
			isa = PBXGroup;
			children = (
				84576B0C250E903C00E54FDF /* Validators.swift */,
				84576B0E250E958500E54FDF /* AuthError.swift */,
				8445549E251005BA00786445 /* UserError.swift */,
			);
			path = Helpers;
			sourceTree = "<group>";
		};
		845C15AE24FAE18400B4FA84 /* Signin&Auth */ = {
			isa = PBXGroup;
			children = (
				8445F9B424E988DF0092F4EB /* AuthViewController.swift */,
				8445F9D824EF05DA0092F4EB /* SignUpViewController.swift */,
				8445F9DE24F046370092F4EB /* LoginViewController.swift */,
				8445F9E024F05F5A0092F4EB /* SetupProfileViewController.swift */,
			);
			path = "Signin&Auth";
			sourceTree = "<group>";
		};
		845C15AF24FAE63100B4FA84 /* Controllers */ = {
			isa = PBXGroup;
			children = (
				845C15B024FAE67E00B4FA84 /* MainTabBarController.swift */,
				845C15AC24FAD7EF00B4FA84 /* ListViewController.swift */,
				845C15B224FAE6F600B4FA84 /* PeopleViewController.swift */,
				84049C102505708900AAD6EC /* ProfileViewController.swift */,
				845631D6250AB42400E3827B /* ChatRequestViewController.swift */,
				84049C042503AA4D00AAD6EC /* Header */,
				84108C2224FC02A400CB2376 /* Cell */,
			);
			path = Controllers;
			sourceTree = "<group>";
		};
		845C15B824FBCA7000B4FA84 /* Extensions */ = {
			isa = PBXGroup;
			children = (
				8445F9E224F065A70092F4EB /* AddPhotoView.swift */,
				8445F9DA24EF0A1D0092F4EB /* OneLineTextField.swift */,
				8445F9D424EDB19E0092F4EB /* ButtonSwiftFormView.swift */,
				845C15BA24FBCB8600B4FA84 /* Bundle-Decodable.swift */,
				84049BFB25016C5200AAD6EC /* GradientView.swift */,
				845631D22508028F00E3827B /* InsertableTextField.swift */,
				845C15B924FBCAE200B4FA84 /* UIKit */,
			);
			path = Extensions;
			sourceTree = "<group>";
		};
		845C15B924FBCAE200B4FA84 /* UIKit */ = {
			isa = PBXGroup;
			children = (
				847D8708253E2D2F00E09091 /* UIAplication+Extension.swift */,
				84049C0E25042A4A00AAD6EC /* UIViewController+Extension.swift */,
				845631D4250807AE00E3827B /* UIView+Extension.swift */,
				8445F9CC24EB2A330092F4EB /* UIImageView+Extension.swift */,
				8445F9D624EDD0FD0092F4EB /* StackView+Extension.swift */,
				8445F9CA24EB290E0092F4EB /* Label+Extension.swift */,
				8445F9C824EB26300092F4EB /* UIColor+Extension.swift */,
				8445F9C424EB21DC0092F4EB /* UIButton+Extension.swift */,
				8445F9C624EB24D50092F4EB /* UIFont+Extension.swift */,
				8445F9E424F135EA0092F4EB /* SegmentedControl+Extension.swift */,
				847D872B2540BD7500E09091 /* UIImage+Extension.swift */,
			);
			path = UIKit;
			sourceTree = "<group>";
		};
		A34C25E3E1FF11BE6BF8E43E /* Frameworks */ = {
			isa = PBXGroup;
			children = (
				1C79AD8A2DBBC991A198E0E8 /* Pods_iChat.framework */,
			);
			name = Frameworks;
			sourceTree = "<group>";
		};
		B7927E5C95B8A1574B5E12F0 /* Pods */ = {
			isa = PBXGroup;
			children = (
				A2A42686A8E33513E5109FB0 /* Pods-iChat.debug.xcconfig */,
				4CFF90038C284112A4103B00 /* Pods-iChat.release.xcconfig */,
			);
			path = Pods;
			sourceTree = "<group>";
		};
/* End PBXGroup section */

/* Begin PBXNativeTarget section */
		8445F9AC24E988DF0092F4EB /* iChat */ = {
			isa = PBXNativeTarget;
			buildConfigurationList = 8445F9C124E988E40092F4EB /* Build configuration list for PBXNativeTarget "iChat" */;
			buildPhases = (
				B4D935D57AEF1EC3E620882B /* [CP] Check Pods Manifest.lock */,
				8445F9A924E988DF0092F4EB /* Sources */,
				8445F9AA24E988DF0092F4EB /* Frameworks */,
				8445F9AB24E988DF0092F4EB /* Resources */,
				2D9A2072751FADBA49519679 /* [CP] Embed Pods Frameworks */,
				0CAC2852469EF6A17F4D29BF /* [CP] Copy Pods Resources */,
			);
			buildRules = (
			);
			dependencies = (
			);
			name = iChat;
			productName = iChat;
			productReference = 8445F9AD24E988DF0092F4EB /* iChat.app */;
			productType = "com.apple.product-type.application";
		};
/* End PBXNativeTarget section */

/* Begin PBXProject section */
		8445F9A524E988DF0092F4EB /* Project object */ = {
			isa = PBXProject;
			attributes = {
				LastSwiftUpdateCheck = 1160;
				LastUpgradeCheck = 1200;
				ORGANIZATIONNAME = "I_P-V";
				TargetAttributes = {
					8445F9AC24E988DF0092F4EB = {
						CreatedOnToolsVersion = 11.6;
					};
				};
			};
			buildConfigurationList = 8445F9A824E988DF0092F4EB /* Build configuration list for PBXProject "iChat" */;
			compatibilityVersion = "Xcode 9.3";
			developmentRegion = en;
			hasScannedForEncodings = 0;
			knownRegions = (
				en,
				Base,
			);
			mainGroup = 8445F9A424E988DF0092F4EB;
			productRefGroup = 8445F9AE24E988DF0092F4EB /* Products */;
			projectDirPath = "";
			projectRoot = "";
			targets = (
				8445F9AC24E988DF0092F4EB /* iChat */,
			);
		};
/* End PBXProject section */

/* Begin PBXResourcesBuildPhase section */
		8445F9AB24E988DF0092F4EB /* Resources */ = {
			isa = PBXResourcesBuildPhase;
			buildActionMask = 2147483647;
			files = (
				84049C062503AAF700AAD6EC /* users.json in Resources */,
				8445F9BD24E988E40092F4EB /* LaunchScreen.storyboard in Resources */,
				845C15B624FBCA5900B4FA84 /* activeChats.json in Resources */,
				8445F9BA24E988E40092F4EB /* Assets.xcassets in Resources */,
				845C15B724FBCA5900B4FA84 /* waitingChats.json in Resources */,
				84686D6F250E089E00C0DE16 /* GoogleService-Info.plist in Resources */,
			);
			runOnlyForDeploymentPostprocessing = 0;
		};
/* End PBXResourcesBuildPhase section */

/* Begin PBXShellScriptBuildPhase section */
		0CAC2852469EF6A17F4D29BF /* [CP] Copy Pods Resources */ = {
			isa = PBXShellScriptBuildPhase;
			buildActionMask = 2147483647;
			files = (
			);
			inputFileListPaths = (
				"${PODS_ROOT}/Target Support Files/Pods-iChat/Pods-iChat-resources-${CONFIGURATION}-input-files.xcfilelist",
			);
			name = "[CP] Copy Pods Resources";
			outputFileListPaths = (
				"${PODS_ROOT}/Target Support Files/Pods-iChat/Pods-iChat-resources-${CONFIGURATION}-output-files.xcfilelist",
			);
			runOnlyForDeploymentPostprocessing = 0;
			shellPath = /bin/sh;
			shellScript = "\"${PODS_ROOT}/Target Support Files/Pods-iChat/Pods-iChat-resources.sh\"\n";
			showEnvVarsInLog = 0;
		};
		2D9A2072751FADBA49519679 /* [CP] Embed Pods Frameworks */ = {
			isa = PBXShellScriptBuildPhase;
			buildActionMask = 2147483647;
			files = (
			);
			inputFileListPaths = (
				"${PODS_ROOT}/Target Support Files/Pods-iChat/Pods-iChat-frameworks-${CONFIGURATION}-input-files.xcfilelist",
			);
			name = "[CP] Embed Pods Frameworks";
			outputFileListPaths = (
				"${PODS_ROOT}/Target Support Files/Pods-iChat/Pods-iChat-frameworks-${CONFIGURATION}-output-files.xcfilelist",
			);
			runOnlyForDeploymentPostprocessing = 0;
			shellPath = /bin/sh;
			shellScript = "\"${PODS_ROOT}/Target Support Files/Pods-iChat/Pods-iChat-frameworks.sh\"\n";
			showEnvVarsInLog = 0;
		};
		B4D935D57AEF1EC3E620882B /* [CP] Check Pods Manifest.lock */ = {
			isa = PBXShellScriptBuildPhase;
			buildActionMask = 2147483647;
			files = (
			);
			inputFileListPaths = (
			);
			inputPaths = (
				"${PODS_PODFILE_DIR_PATH}/Podfile.lock",
				"${PODS_ROOT}/Manifest.lock",
			);
			name = "[CP] Check Pods Manifest.lock";
			outputFileListPaths = (
			);
			outputPaths = (
				"$(DERIVED_FILE_DIR)/Pods-iChat-checkManifestLockResult.txt",
			);
			runOnlyForDeploymentPostprocessing = 0;
			shellPath = /bin/sh;
			shellScript = "diff \"${PODS_PODFILE_DIR_PATH}/Podfile.lock\" \"${PODS_ROOT}/Manifest.lock\" > /dev/null\nif [ $? != 0 ] ; then\n    # print error to STDERR\n    echo \"error: The sandbox is not in sync with the Podfile.lock. Run 'pod install' or update your CocoaPods installation.\" >&2\n    exit 1\nfi\n# This output is used by Xcode 'outputs' to avoid re-running this script phase.\necho \"SUCCESS\" > \"${SCRIPT_OUTPUT_FILE_0}\"\n";
			showEnvVarsInLog = 0;
		};
/* End PBXShellScriptBuildPhase section */

/* Begin PBXSourcesBuildPhase section */
		8445F9A924E988DF0092F4EB /* Sources */ = {
			isa = PBXSourcesBuildPhase;
			buildActionMask = 2147483647;
			files = (
				84049C0A2503B04300AAD6EC /* MChat.swift in Sources */,
				845C15AD24FAD7EF00B4FA84 /* ListViewController.swift in Sources */,
				8445F9E524F135EA0092F4EB /* SegmentedControl+Extension.swift in Sources */,
				84049C0325039B1A00AAD6EC /* SectionHeader.swift in Sources */,
				84049C0F25042A4A00AAD6EC /* UIViewController+Extension.swift in Sources */,
				84049BFC25016C5200AAD6EC /* GradientView.swift in Sources */,
				84576B0F250E958500E54FDF /* AuthError.swift in Sources */,
				845C15B124FAE67E00B4FA84 /* MainTabBarController.swift in Sources */,
				8445F9DB24EF0A1D0092F4EB /* OneLineTextField.swift in Sources */,
				84576B0D250E903C00E54FDF /* Validators.swift in Sources */,
				84049C082503AD3D00AAD6EC /* MUser.swift in Sources */,
				84108C2424FC056C00CB2376 /* ActiveChatCell.swift in Sources */,
				845631D32508028F00E3827B /* InsertableTextField.swift in Sources */,
				8445F9D924EF05DA0092F4EB /* SignUpViewController.swift in Sources */,
				845C15B324FAE6F600B4FA84 /* PeopleViewController.swift in Sources */,
				847D872C2540BD7500E09091 /* UIImage+Extension.swift in Sources */,
				847922BB250FFDA3005AE17C /* FirestoreService.swift in Sources */,
				8445F9CB24EB290E0092F4EB /* Label+Extension.swift in Sources */,
				845C15BB24FBCB8600B4FA84 /* Bundle-Decodable.swift in Sources */,
				845631D7250AB42400E3827B /* ChatRequestViewController.swift in Sources */,
				8445F9B524E988DF0092F4EB /* AuthViewController.swift in Sources */,
				847D872F2546B0F200E09091 /* ListenerService.swift in Sources */,
				8445F9E124F05F5A0092F4EB /* SetupProfileViewController.swift in Sources */,
				8445F9CD24EB2A330092F4EB /* UIImageView+Extension.swift in Sources */,
				845631D5250807AE00E3827B /* UIView+Extension.swift in Sources */,
				8445549F251005BA00786445 /* UserError.swift in Sources */,
				8445F9C524EB21DC0092F4EB /* UIButton+Extension.swift in Sources */,
				8445F9E324F065A70092F4EB /* AddPhotoView.swift in Sources */,
				8445F9B124E988DF0092F4EB /* AppDelegate.swift in Sources */,
				8445F9C924EB26300092F4EB /* UIColor+Extension.swift in Sources */,
				847D87292540B7B300E09091 /* StorageService.swift in Sources */,
				84049C0D250426C000AAD6EC /* UserCell.swift in Sources */,
				847922B9250FFA2F005AE17C /* AuthNavigatingDelegateProtocol.swift in Sources */,
				84049C112505708900AAD6EC /* ProfileViewController.swift in Sources */,
				84049C002501879500AAD6EC /* SelfConfiguringCellProtocol.swift in Sources */,
				84049BFE25017B8F00AAD6EC /* WaitingChatCell.swift in Sources */,
				847D8709253E2D2F00E09091 /* UIAplication+Extension.swift in Sources */,
				8445F9C724EB24D50092F4EB /* UIFont+Extension.swift in Sources */,
				8445F9B324E988DF0092F4EB /* SceneDelegate.swift in Sources */,
				847D874C2546D9C800E09091 /* MMessage.swift in Sources */,
				8445F9D524EDB19E0092F4EB /* ButtonSwiftFormView.swift in Sources */,
				84576B0B250E79A200E54FDF /* AuthService.swift in Sources */,
				8445F9DF24F046370092F4EB /* LoginViewController.swift in Sources */,
				847D874F2547257300E09091 /* WaitingChatsNavigationProtocol.swift in Sources */,
				8445F9D724EDD0FD0092F4EB /* StackView+Extension.swift in Sources */,
			);
			runOnlyForDeploymentPostprocessing = 0;
		};
/* End PBXSourcesBuildPhase section */

/* Begin PBXVariantGroup section */
		8445F9BB24E988E40092F4EB /* LaunchScreen.storyboard */ = {
			isa = PBXVariantGroup;
			children = (
				8445F9BC24E988E40092F4EB /* Base */,
			);
			name = LaunchScreen.storyboard;
			sourceTree = "<group>";
		};
/* End PBXVariantGroup section */

/* Begin XCBuildConfiguration section */
		8445F9BF24E988E40092F4EB /* Debug */ = {
			isa = XCBuildConfiguration;
			buildSettings = {
				ALWAYS_SEARCH_USER_PATHS = NO;
				CLANG_ANALYZER_NONNULL = YES;
				CLANG_ANALYZER_NUMBER_OBJECT_CONVERSION = YES_AGGRESSIVE;
				CLANG_CXX_LANGUAGE_STANDARD = "gnu++14";
				CLANG_CXX_LIBRARY = "libc++";
				CLANG_ENABLE_MODULES = YES;
				CLANG_ENABLE_OBJC_ARC = YES;
				CLANG_ENABLE_OBJC_WEAK = YES;
				CLANG_WARN_BLOCK_CAPTURE_AUTORELEASING = YES;
				CLANG_WARN_BOOL_CONVERSION = YES;
				CLANG_WARN_COMMA = YES;
				CLANG_WARN_CONSTANT_CONVERSION = YES;
				CLANG_WARN_DEPRECATED_OBJC_IMPLEMENTATIONS = YES;
				CLANG_WARN_DIRECT_OBJC_ISA_USAGE = YES_ERROR;
				CLANG_WARN_DOCUMENTATION_COMMENTS = YES;
				CLANG_WARN_EMPTY_BODY = YES;
				CLANG_WARN_ENUM_CONVERSION = YES;
				CLANG_WARN_INFINITE_RECURSION = YES;
				CLANG_WARN_INT_CONVERSION = YES;
				CLANG_WARN_NON_LITERAL_NULL_CONVERSION = YES;
				CLANG_WARN_OBJC_IMPLICIT_RETAIN_SELF = YES;
				CLANG_WARN_OBJC_LITERAL_CONVERSION = YES;
				CLANG_WARN_OBJC_ROOT_CLASS = YES_ERROR;
				CLANG_WARN_QUOTED_INCLUDE_IN_FRAMEWORK_HEADER = YES;
				CLANG_WARN_RANGE_LOOP_ANALYSIS = YES;
				CLANG_WARN_STRICT_PROTOTYPES = YES;
				CLANG_WARN_SUSPICIOUS_MOVE = YES;
				CLANG_WARN_UNGUARDED_AVAILABILITY = YES_AGGRESSIVE;
				CLANG_WARN_UNREACHABLE_CODE = YES;
				CLANG_WARN__DUPLICATE_METHOD_MATCH = YES;
				COPY_PHASE_STRIP = NO;
				DEBUG_INFORMATION_FORMAT = dwarf;
				ENABLE_STRICT_OBJC_MSGSEND = YES;
				ENABLE_TESTABILITY = YES;
				GCC_C_LANGUAGE_STANDARD = gnu11;
				GCC_DYNAMIC_NO_PIC = NO;
				GCC_NO_COMMON_BLOCKS = YES;
				GCC_OPTIMIZATION_LEVEL = 0;
				GCC_PREPROCESSOR_DEFINITIONS = (
					"DEBUG=1",
					"$(inherited)",
				);
				GCC_WARN_64_TO_32_BIT_CONVERSION = YES;
				GCC_WARN_ABOUT_RETURN_TYPE = YES_ERROR;
				GCC_WARN_UNDECLARED_SELECTOR = YES;
				GCC_WARN_UNINITIALIZED_AUTOS = YES_AGGRESSIVE;
				GCC_WARN_UNUSED_FUNCTION = YES;
				GCC_WARN_UNUSED_VARIABLE = YES;
				IPHONEOS_DEPLOYMENT_TARGET = 13.6;
				MTL_ENABLE_DEBUG_INFO = INCLUDE_SOURCE;
				MTL_FAST_MATH = YES;
				ONLY_ACTIVE_ARCH = YES;
				SDKROOT = iphoneos;
				SWIFT_ACTIVE_COMPILATION_CONDITIONS = DEBUG;
				SWIFT_OPTIMIZATION_LEVEL = "-Onone";
			};
			name = Debug;
		};
		8445F9C024E988E40092F4EB /* Release */ = {
			isa = XCBuildConfiguration;
			buildSettings = {
				ALWAYS_SEARCH_USER_PATHS = NO;
				CLANG_ANALYZER_NONNULL = YES;
				CLANG_ANALYZER_NUMBER_OBJECT_CONVERSION = YES_AGGRESSIVE;
				CLANG_CXX_LANGUAGE_STANDARD = "gnu++14";
				CLANG_CXX_LIBRARY = "libc++";
				CLANG_ENABLE_MODULES = YES;
				CLANG_ENABLE_OBJC_ARC = YES;
				CLANG_ENABLE_OBJC_WEAK = YES;
				CLANG_WARN_BLOCK_CAPTURE_AUTORELEASING = YES;
				CLANG_WARN_BOOL_CONVERSION = YES;
				CLANG_WARN_COMMA = YES;
				CLANG_WARN_CONSTANT_CONVERSION = YES;
				CLANG_WARN_DEPRECATED_OBJC_IMPLEMENTATIONS = YES;
				CLANG_WARN_DIRECT_OBJC_ISA_USAGE = YES_ERROR;
				CLANG_WARN_DOCUMENTATION_COMMENTS = YES;
				CLANG_WARN_EMPTY_BODY = YES;
				CLANG_WARN_ENUM_CONVERSION = YES;
				CLANG_WARN_INFINITE_RECURSION = YES;
				CLANG_WARN_INT_CONVERSION = YES;
				CLANG_WARN_NON_LITERAL_NULL_CONVERSION = YES;
				CLANG_WARN_OBJC_IMPLICIT_RETAIN_SELF = YES;
				CLANG_WARN_OBJC_LITERAL_CONVERSION = YES;
				CLANG_WARN_OBJC_ROOT_CLASS = YES_ERROR;
				CLANG_WARN_QUOTED_INCLUDE_IN_FRAMEWORK_HEADER = YES;
				CLANG_WARN_RANGE_LOOP_ANALYSIS = YES;
				CLANG_WARN_STRICT_PROTOTYPES = YES;
				CLANG_WARN_SUSPICIOUS_MOVE = YES;
				CLANG_WARN_UNGUARDED_AVAILABILITY = YES_AGGRESSIVE;
				CLANG_WARN_UNREACHABLE_CODE = YES;
				CLANG_WARN__DUPLICATE_METHOD_MATCH = YES;
				COPY_PHASE_STRIP = NO;
				DEBUG_INFORMATION_FORMAT = "dwarf-with-dsym";
				ENABLE_NS_ASSERTIONS = NO;
				ENABLE_STRICT_OBJC_MSGSEND = YES;
				GCC_C_LANGUAGE_STANDARD = gnu11;
				GCC_NO_COMMON_BLOCKS = YES;
				GCC_WARN_64_TO_32_BIT_CONVERSION = YES;
				GCC_WARN_ABOUT_RETURN_TYPE = YES_ERROR;
				GCC_WARN_UNDECLARED_SELECTOR = YES;
				GCC_WARN_UNINITIALIZED_AUTOS = YES_AGGRESSIVE;
				GCC_WARN_UNUSED_FUNCTION = YES;
				GCC_WARN_UNUSED_VARIABLE = YES;
				IPHONEOS_DEPLOYMENT_TARGET = 13.6;
				MTL_ENABLE_DEBUG_INFO = NO;
				MTL_FAST_MATH = YES;
				SDKROOT = iphoneos;
				SWIFT_COMPILATION_MODE = wholemodule;
				SWIFT_OPTIMIZATION_LEVEL = "-O";
				VALIDATE_PRODUCT = YES;
			};
			name = Release;
		};
		8445F9C224E988E40092F4EB /* Debug */ = {
			isa = XCBuildConfiguration;
			baseConfigurationReference = A2A42686A8E33513E5109FB0 /* Pods-iChat.debug.xcconfig */;
			buildSettings = {
				ASSETCATALOG_COMPILER_APPICON_NAME = AppIcon;
				CODE_SIGN_STYLE = Automatic;
				INFOPLIST_FILE = iChat/Info.plist;
				LD_RUNPATH_SEARCH_PATHS = (
					"$(inherited)",
					"@executable_path/Frameworks",
				);
				PRODUCT_BUNDLE_IDENTIFIER = "com.I-P-V.iChat";
				PRODUCT_NAME = "$(TARGET_NAME)";
				SWIFT_VERSION = 5.0;
				TARGETED_DEVICE_FAMILY = "1,2";
			};
			name = Debug;
		};
		8445F9C324E988E40092F4EB /* Release */ = {
			isa = XCBuildConfiguration;
			baseConfigurationReference = 4CFF90038C284112A4103B00 /* Pods-iChat.release.xcconfig */;
			buildSettings = {
				ASSETCATALOG_COMPILER_APPICON_NAME = AppIcon;
				CODE_SIGN_STYLE = Automatic;
				INFOPLIST_FILE = iChat/Info.plist;
				LD_RUNPATH_SEARCH_PATHS = (
					"$(inherited)",
					"@executable_path/Frameworks",
				);
				PRODUCT_BUNDLE_IDENTIFIER = "com.I-P-V.iChat";
				PRODUCT_NAME = "$(TARGET_NAME)";
				SWIFT_VERSION = 5.0;
				TARGETED_DEVICE_FAMILY = "1,2";
			};
			name = Release;
		};
/* End XCBuildConfiguration section */

/* Begin XCConfigurationList section */
		8445F9A824E988DF0092F4EB /* Build configuration list for PBXProject "iChat" */ = {
			isa = XCConfigurationList;
			buildConfigurations = (
				8445F9BF24E988E40092F4EB /* Debug */,
				8445F9C024E988E40092F4EB /* Release */,
			);
			defaultConfigurationIsVisible = 0;
			defaultConfigurationName = Release;
		};
		8445F9C124E988E40092F4EB /* Build configuration list for PBXNativeTarget "iChat" */ = {
			isa = XCConfigurationList;
			buildConfigurations = (
				8445F9C224E988E40092F4EB /* Debug */,
				8445F9C324E988E40092F4EB /* Release */,
			);
			defaultConfigurationIsVisible = 0;
			defaultConfigurationName = Release;
		};
/* End XCConfigurationList section */
	};
	rootObject = 8445F9A524E988DF0092F4EB /* Project object */;
}
